// !$*UTF8*$!
{
	archiveVersion = 1;
	classes = {
	};
	objectVersion = 56;
	objects = {

/* Begin PBXBuildFile section */
		A10000000000000000000001 /* MixaFrameApp.swift in Sources */ = {isa = PBXBuildFile; fileRef = A20000000000000000000001 /* MixaFrameApp.swift */; };
		A10000000000000000000002 /* CollageModels.swift in Sources */ = {isa = PBXBuildFile; fileRef = A20000000000000000000002 /* CollageModels.swift */; };
		A10000000000000000000003 /* LayoutEngine.swift in Sources */ = {isa = PBXBuildFile; fileRef = A20000000000000000000003 /* LayoutEngine.swift */; };
		A10000000000000000000004 /* AppStore.swift in Sources */ = {isa = PBXBuildFile; fileRef = A20000000000000000000004 /* AppStore.swift */; };
		A10000000000000000000005 /* SubjectDetector.swift in Sources */ = {isa = PBXBuildFile; fileRef = A20000000000000000000005 /* SubjectDetector.swift */; };
		A10000000000000000000006 /* CollageRenderer.swift in Sources */ = {isa = PBXBuildFile; fileRef = A20000000000000000000006 /* CollageRenderer.swift */; };
		A10000000000000000000007 /* ProjectListView.swift in Sources */ = {isa = PBXBuildFile; fileRef = A20000000000000000000007 /* ProjectListView.swift */; };
		A10000000000000000000008 /* ProjectDetailView.swift in Sources */ = {isa = PBXBuildFile; fileRef = A20000000000000000000008 /* ProjectDetailView.swift */; };
		A10000000000000000000009 /* CollageEditorView.swift in Sources */ = {isa = PBXBuildFile; fileRef = A20000000000000000000009 /* CollageEditorView.swift */; };
		A1000000000000000000000A /* CollagePreview.swift in Sources */ = {isa = PBXBuildFile; fileRef = A2000000000000000000000A /* CollagePreview.swift */; };
		A1000000000000000000000B /* ShareSheet.swift in Sources */ = {isa = PBXBuildFile; fileRef = A2000000000000000000000B /* ShareSheet.swift */; };
		A1000000000000000000000C /* Assets.xcassets in Resources */ = {isa = PBXBuildFile; fileRef = A2000000000000000000000C /* Assets.xcassets */; };
		A1000000000000000000000D /* LayoutEngineTests.swift in Sources */ = {isa = PBXBuildFile; fileRef = A2000000000000000000000D /* LayoutEngineTests.swift */; };
		A1000000000000000000000E /* SDWebImageWebPCoder in Frameworks */ = {isa = PBXBuildFile; productRef = C10000000000000000000002 /* SDWebImageWebPCoder */; };
		A1000000000000000000000F /* LayoutCatalog.swift in Sources */ = {isa = PBXBuildFile; fileRef = A20000000000000000000010 /* LayoutCatalog.swift */; };
		A10000000000000000000010 /* PhotoImagePipeline.swift in Sources */ = {isa = PBXBuildFile; fileRef = A20000000000000000000011 /* PhotoImagePipeline.swift */; };
		A10000000000000000000011 /* ExportPreviewView.swift in Sources */ = {isa = PBXBuildFile; fileRef = A20000000000000000000012 /* ExportPreviewView.swift */; };
		A10000000000000000000012 /* SubscriptionStore.swift in Sources */ = {isa = PBXBuildFile; fileRef = A20000000000000000000013 /* SubscriptionStore.swift */; };
		A10000000000000000000013 /* SubscriptionView.swift in Sources */ = {isa = PBXBuildFile; fileRef = A20000000000000000000014 /* SubscriptionView.swift */; };
/* End PBXBuildFile section */

/* Begin PBXContainerItemProxy section */
		A30000000000000000000001 /* PBXContainerItemProxy */ = {
			isa = PBXContainerItemProxy;
			containerPortal = A90000000000000000000001 /* Project object */;
			proxyType = 1;
			remoteGlobalIDString = A70000000000000000000001;
			remoteInfo = MixaFrame;
		};
/* End PBXContainerItemProxy section */

/* Begin PBXFileReference section */
		A20000000000000000000001 /* MixaFrameApp.swift */ = {isa = PBXFileReference; lastKnownFileType = sourcecode.swift; path = MixaFrameApp.swift; sourceTree = "<group>"; };
		A20000000000000000000002 /* CollageModels.swift */ = {isa = PBXFileReference; lastKnownFileType = sourcecode.swift; path = CollageModels.swift; sourceTree = "<group>"; };
		A20000000000000000000003 /* LayoutEngine.swift */ = {isa = PBXFileReference; lastKnownFileType = sourcecode.swift; path = LayoutEngine.swift; sourceTree = "<group>"; };
		A20000000000000000000004 /* AppStore.swift */ = {isa = PBXFileReference; lastKnownFileType = sourcecode.swift; path = AppStore.swift; sourceTree = "<group>"; };
		A20000000000000000000005 /* SubjectDetector.swift */ = {isa = PBXFileReference; lastKnownFileType = sourcecode.swift; path = SubjectDetector.swift; sourceTree = "<group>"; };
		A20000000000000000000006 /* CollageRenderer.swift */ = {isa = PBXFileReference; lastKnownFileType = sourcecode.swift; path = CollageRenderer.swift; sourceTree = "<group>"; };
		A20000000000000000000007 /* ProjectListView.swift */ = {isa = PBXFileReference; lastKnownFileType = sourcecode.swift; path = ProjectListView.swift; sourceTree = "<group>"; };
		A20000000000000000000008 /* ProjectDetailView.swift */ = {isa = PBXFileReference; lastKnownFileType = sourcecode.swift; path = ProjectDetailView.swift; sourceTree = "<group>"; };
		A20000000000000000000009 /* CollageEditorView.swift */ = {isa = PBXFileReference; lastKnownFileType = sourcecode.swift; path = CollageEditorView.swift; sourceTree = "<group>"; };
		A2000000000000000000000A /* CollagePreview.swift */ = {isa = PBXFileReference; lastKnownFileType = sourcecode.swift; path = CollagePreview.swift; sourceTree = "<group>"; };
		A2000000000000000000000B /* ShareSheet.swift */ = {isa = PBXFileReference; lastKnownFileType = sourcecode.swift; path = ShareSheet.swift; sourceTree = "<group>"; };
		A2000000000000000000000C /* Assets.xcassets */ = {isa = PBXFileReference; lastKnownFileType = folder.assetcatalog; path = Assets.xcassets; sourceTree = "<group>"; };
		A2000000000000000000000D /* LayoutEngineTests.swift */ = {isa = PBXFileReference; lastKnownFileType = sourcecode.swift; path = LayoutEngineTests.swift; sourceTree = "<group>"; };
		A2000000000000000000000E /* MixaFrame.app */ = {isa = PBXFileReference; explicitFileType = wrapper.application; includeInIndex = 0; path = MixaFrame.app; sourceTree = BUILT_PRODUCTS_DIR; };
		A2000000000000000000000F /* MixaFrameTests.xctest */ = {isa = PBXFileReference; explicitFileType = wrapper.cfbundle; includeInIndex = 0; path = MixaFrameTests.xctest; sourceTree = BUILT_PRODUCTS_DIR; };
		A20000000000000000000010 /* LayoutCatalog.swift */ = {isa = PBXFileReference; lastKnownFileType = sourcecode.swift; path = LayoutCatalog.swift; sourceTree = "<group>"; };
		A20000000000000000000011 /* PhotoImagePipeline.swift */ = {isa = PBXFileReference; lastKnownFileType = sourcecode.swift; path = PhotoImagePipeline.swift; sourceTree = "<group>"; };
		A20000000000000000000012 /* ExportPreviewView.swift */ = {isa = PBXFileReference; lastKnownFileType = sourcecode.swift; path = ExportPreviewView.swift; sourceTree = "<group>"; };
		A20000000000000000000013 /* SubscriptionStore.swift */ = {isa = PBXFileReference; lastKnownFileType = sourcecode.swift; path = SubscriptionStore.swift; sourceTree = "<group>"; };
		A20000000000000000000014 /* SubscriptionView.swift */ = {isa = PBXFileReference; lastKnownFileType = sourcecode.swift; path = SubscriptionView.swift; sourceTree = "<group>"; };
		A20000000000000000000015 /* MixaFrame.storekit */ = {isa = PBXFileReference; lastKnownFileType = text; path = MixaFrame.storekit; sourceTree = "<group>"; };
		B4A18321303199B900BE7881 /* MixaFrame.storekit */ = {isa = PBXFileReference; lastKnownFileType = text; path = MixaFrame.storekit; sourceTree = "<group>"; };
/* End PBXFileReference section */

/* Begin PBXFrameworksBuildPhase section */
		A40000000000000000000001 /* Frameworks */ = {
			isa = PBXFrameworksBuildPhase;
			buildActionMask = 2147483647;
			files = (
				A1000000000000000000000E /* SDWebImageWebPCoder in Frameworks */,
			);
			runOnlyForDeploymentPostprocessing = 0;
		};
		A40000000000000000000002 /* Frameworks */ = {
			isa = PBXFrameworksBuildPhase;
			buildActionMask = 2147483647;
			files = (
			);
			runOnlyForDeploymentPostprocessing = 0;
		};
/* End PBXFrameworksBuildPhase section */

/* Begin PBXGroup section */
		A50000000000000000000001 = {
			isa = PBXGroup;
			children = (
				B4A18321303199B900BE7881 /* MixaFrame.storekit */,
				A50000000000000000000002 /* MixaFrame */,
				A50000000000000000000007 /* MixaFrameTests */,
				A20000000000000000000015 /* MixaFrame.storekit */,
				A50000000000000000000008 /* Products */,
			);
			sourceTree = "<group>";
		};
		A50000000000000000000002 /* MixaFrame */ = {
			isa = PBXGroup;
			children = (
				A50000000000000000000003 /* App */,
				A50000000000000000000004 /* Models */,
				A50000000000000000000005 /* Services */,
				A50000000000000000000006 /* Views */,
				A2000000000000000000000C /* Assets.xcassets */,
			);
			path = MixaFrame;
			sourceTree = "<group>";
		};
		A50000000000000000000003 /* App */ = {
			isa = PBXGroup;
			children = (
				A20000000000000000000001 /* MixaFrameApp.swift */,
			);
			path = App;
			sourceTree = "<group>";
		};
		A50000000000000000000004 /* Models */ = {
			isa = PBXGroup;
			children = (
				A20000000000000000000002 /* CollageModels.swift */,
			);
			path = Models;
			sourceTree = "<group>";
		};
		A50000000000000000000005 /* Services */ = {
			isa = PBXGroup;
			children = (
				A20000000000000000000010 /* LayoutCatalog.swift */,
				A20000000000000000000003 /* LayoutEngine.swift */,
				A20000000000000000000011 /* PhotoImagePipeline.swift */,
				A20000000000000000000004 /* AppStore.swift */,
				A20000000000000000000013 /* SubscriptionStore.swift */,
				A20000000000000000000005 /* SubjectDetector.swift */,
				A20000000000000000000006 /* CollageRenderer.swift */,
			);
			path = Services;
			sourceTree = "<group>";
		};
		A50000000000000000000006 /* Views */ = {
			isa = PBXGroup;
			children = (
				A20000000000000000000007 /* ProjectListView.swift */,
				A20000000000000000000008 /* ProjectDetailView.swift */,
				A20000000000000000000009 /* CollageEditorView.swift */,
				A2000000000000000000000A /* CollagePreview.swift */,
				A20000000000000000000012 /* ExportPreviewView.swift */,
				A20000000000000000000014 /* SubscriptionView.swift */,
				A2000000000000000000000B /* ShareSheet.swift */,
			);
			path = Views;
			sourceTree = "<group>";
		};
		A50000000000000000000007 /* MixaFrameTests */ = {
			isa = PBXGroup;
			children = (
				A2000000000000000000000D /* LayoutEngineTests.swift */,
			);
			path = MixaFrameTests;
			sourceTree = "<group>";
		};
		A50000000000000000000008 /* Products */ = {
			isa = PBXGroup;
			children = (
				A2000000000000000000000E /* MixaFrame.app */,
				A2000000000000000000000F /* MixaFrameTests.xctest */,
			);
			name = Products;
			sourceTree = "<group>";
		};
/* End PBXGroup section */

/* Begin PBXNativeTarget section */
		A70000000000000000000001 /* MixaFrame */ = {
			isa = PBXNativeTarget;
			buildConfigurationList = A80000000000000000000002 /* Build configuration list for PBXNativeTarget "MixaFrame" */;
			buildPhases = (
				A60000000000000000000001 /* Sources */,
				A40000000000000000000001 /* Frameworks */,
				A60000000000000000000002 /* Resources */,
			);
			buildRules = (
			);
			dependencies = (
			);
			name = MixaFrame;
			packageProductDependencies = (
				C10000000000000000000002 /* SDWebImageWebPCoder */,
			);
			productName = MixaFrame;
			productReference = A2000000000000000000000E /* MixaFrame.app */;
			productType = "com.apple.product-type.application";
		};
		A70000000000000000000002 /* MixaFrameTests */ = {
			isa = PBXNativeTarget;
			buildConfigurationList = A80000000000000000000003 /* Build configuration list for PBXNativeTarget "MixaFrameTests" */;
			buildPhases = (
				A60000000000000000000003 /* Sources */,
				A40000000000000000000002 /* Frameworks */,
				A60000000000000000000004 /* Resources */,
			);
			buildRules = (
			);
			dependencies = (
				A70000000000000000000003 /* PBXTargetDependency */,
			);
			name = MixaFrameTests;
			productName = MixaFrameTests;
			productReference = A2000000000000000000000F /* MixaFrameTests.xctest */;
			productType = "com.apple.product-type.bundle.unit-test";
		};
/* End PBXNativeTarget section */

/* Begin PBXProject section */
		A90000000000000000000001 /* Project object */ = {
			isa = PBXProject;
			attributes = {
				BuildIndependentTargetsInParallel = 1;
				LastSwiftUpdateCheck = 2660;
				LastUpgradeCheck = 2660;
				TargetAttributes = {
					A70000000000000000000001 = {
						CreatedOnToolsVersion = 26.6;
					};
					A70000000000000000000002 = {
						CreatedOnToolsVersion = 26.6;
						TestTargetID = A70000000000000000000001;
					};
				};
			};
			buildConfigurationList = A80000000000000000000001 /* Build configuration list for PBXProject "MixaFrame" */;
			compatibilityVersion = "Xcode 14.0";
			developmentRegion = en;
			hasScannedForEncodings = 0;
			knownRegions = (
				en,
				Base,
			);
			mainGroup = A50000000000000000000001;
			packageReferences = (
				C10000000000000000000001 /* XCRemoteSwiftPackageReference "SDWebImageWebPCoder" */,
			);
			productRefGroup = A50000000000000000000008 /* Products */;
			projectDirPath = "";
			projectRoot = "";
			targets = (
				A70000000000000000000001 /* MixaFrame */,
				A70000000000000000000002 /* MixaFrameTests */,
			);
		};
/* End PBXProject section */

/* Begin PBXResourcesBuildPhase section */
		A60000000000000000000002 /* Resources */ = {
			isa = PBXResourcesBuildPhase;
			buildActionMask = 2147483647;
			files = (
				A1000000000000000000000C /* Assets.xcassets in Resources */,
			);
			runOnlyForDeploymentPostprocessing = 0;
		};
		A60000000000000000000004 /* Resources */ = {
			isa = PBXResourcesBuildPhase;
			buildActionMask = 2147483647;
			files = (
			);
			runOnlyForDeploymentPostprocessing = 0;
		};
/* End PBXResourcesBuildPhase section */

/* Begin PBXSourcesBuildPhase section */
		A60000000000000000000001 /* Sources */ = {
			isa = PBXSourcesBuildPhase;
			buildActionMask = 2147483647;
			files = (
				A1000000000000000000000F /* LayoutCatalog.swift in Sources */,
				A10000000000000000000010 /* PhotoImagePipeline.swift in Sources */,
				A10000000000000000000001 /* MixaFrameApp.swift in Sources */,
				A10000000000000000000002 /* CollageModels.swift in Sources */,
				A10000000000000000000003 /* LayoutEngine.swift in Sources */,
				A10000000000000000000004 /* AppStore.swift in Sources */,
				A10000000000000000000005 /* SubjectDetector.swift in Sources */,
				A10000000000000000000006 /* CollageRenderer.swift in Sources */,
				A10000000000000000000007 /* ProjectListView.swift in Sources */,
				A10000000000000000000008 /* ProjectDetailView.swift in Sources */,
				A10000000000000000000009 /* CollageEditorView.swift in Sources */,
				A1000000000000000000000A /* CollagePreview.swift in Sources */,
				A10000000000000000000011 /* ExportPreviewView.swift in Sources */,
				A10000000000000000000012 /* SubscriptionStore.swift in Sources */,
				A10000000000000000000013 /* SubscriptionView.swift in Sources */,
				A1000000000000000000000B /* ShareSheet.swift in Sources */,
			);
			runOnlyForDeploymentPostprocessing = 0;
		};
		A60000000000000000000003 /* Sources */ = {
			isa = PBXSourcesBuildPhase;
			buildActionMask = 2147483647;
			files = (
				A1000000000000000000000D /* LayoutEngineTests.swift in Sources */,
			);
			runOnlyForDeploymentPostprocessing = 0;
		};
/* End PBXSourcesBuildPhase section */

/* Begin PBXTargetDependency section */
		A70000000000000000000003 /* PBXTargetDependency */ = {
			isa = PBXTargetDependency;
			target = A70000000000000000000001 /* MixaFrame */;
			targetProxy = A30000000000000000000001 /* PBXContainerItemProxy */;
		};
/* End PBXTargetDependency section */

/* Begin XCBuildConfiguration section */
		B10000000000000000000001 /* Debug */ = {
			isa = XCBuildConfiguration;
			buildSettings = {
				ALWAYS_SEARCH_USER_PATHS = NO;
				CLANG_ENABLE_MODULES = YES;
				CLANG_ENABLE_OBJC_ARC = YES;
				DEBUG_INFORMATION_FORMAT = dwarf;
				ENABLE_TESTABILITY = YES;
				GCC_C_LANGUAGE_STANDARD = gnu17;
				GCC_OPTIMIZATION_LEVEL = 0;
				GCC_PREPROCESSOR_DEFINITIONS = (
					"DEBUG=1",
					"$(inherited)",
				);
				IPHONEOS_DEPLOYMENT_TARGET = 17.0;
				MTL_ENABLE_DEBUG_INFO = INCLUDE_SOURCE;
				ONLY_ACTIVE_ARCH = YES;
				SDKROOT = iphoneos;
				SWIFT_ACTIVE_COMPILATION_CONDITIONS = "DEBUG $(inherited)";
				SWIFT_OPTIMIZATION_LEVEL = "-Onone";
			};
			name = Debug;
		};
		B10000000000000000000002 /* Release */ = {
			isa = XCBuildConfiguration;
			buildSettings = {
				ALWAYS_SEARCH_USER_PATHS = NO;
				CLANG_ENABLE_MODULES = YES;
				CLANG_ENABLE_OBJC_ARC = YES;
				DEBUG_INFORMATION_FORMAT = "dwarf-with-dsym";
				ENABLE_NS_ASSERTIONS = NO;
				GCC_C_LANGUAGE_STANDARD = gnu17;
				IPHONEOS_DEPLOYMENT_TARGET = 17.0;
				MTL_ENABLE_DEBUG_INFO = NO;
				SDKROOT = iphoneos;
				SWIFT_COMPILATION_MODE = wholemodule;
				SWIFT_OPTIMIZATION_LEVEL = "-O";
				VALIDATE_PRODUCT = YES;
			};
			name = Release;
		};
		B10000000000000000000003 /* Debug */ = {
			isa = XCBuildConfiguration;
			buildSettings = {
				ASSETCATALOG_COMPILER_APPICON_NAME = AppIcon;
				ASSETCATALOG_COMPILER_GLOBAL_ACCENT_COLOR_NAME = AccentColor;
				CODE_SIGN_STYLE = Automatic;
				CURRENT_PROJECT_VERSION = 11;
				DEVELOPMENT_ASSET_PATHS = "";
				DEVELOPMENT_TEAM = N6386GYZVJ;
				ENABLE_PREVIEWS = YES;
				GENERATE_INFOPLIST_FILE = YES;
				INFOPLIST_KEY_CFBundleDisplayName = MixaFrame;
				INFOPLIST_KEY_ITSAppUsesNonExemptEncryption = NO;
				INFOPLIST_KEY_LSApplicationCategoryType = "public.app-category.photography";
				INFOPLIST_KEY_NSPhotoLibraryAddUsageDescription = "MixaFrame saves your finished collages to your photo library.";
				INFOPLIST_KEY_NSPhotoLibraryUsageDescription = "MixaFrame lets you select photos for your collages.";
				INFOPLIST_KEY_UIApplicationSceneManifest_Generation = YES;
				INFOPLIST_KEY_UIApplicationSupportsIndirectInputEvents = YES;
				INFOPLIST_KEY_UILaunchScreen_Generation = YES;
				IPHONEOS_DEPLOYMENT_TARGET = 17.6;
				MARKETING_VERSION = 1.0.1;
				PRODUCT_BUNDLE_IDENTIFIER = com.infiz.MixaFrame;
				PRODUCT_NAME = "$(TARGET_NAME)";
				SUPPORTED_PLATFORMS = "iphoneos iphonesimulator";
				SUPPORTS_MACCATALYST = NO;
				SWIFT_EMIT_LOC_STRINGS = YES;
				SWIFT_VERSION = 5.0;
				TARGETED_DEVICE_FAMILY = 1;
			};
			name = Debug;
		};
		B10000000000000000000004 /* Release */ = {
			isa = XCBuildConfiguration;
			buildSettings = {
				ASSETCATALOG_COMPILER_APPICON_NAME = AppIcon;
				ASSETCATALOG_COMPILER_GLOBAL_ACCENT_COLOR_NAME = AccentColor;
				CODE_SIGN_STYLE = Automatic;
				CURRENT_PROJECT_VERSION = 11;
				DEVELOPMENT_TEAM = N6386GYZVJ;
				ENABLE_PREVIEWS = YES;
				GENERATE_INFOPLIST_FILE = YES;
				INFOPLIST_KEY_CFBundleDisplayName = MixaFrame;
				INFOPLIST_KEY_ITSAppUsesNonExemptEncryption = NO;
				INFOPLIST_KEY_LSApplicationCategoryType = "public.app-category.photography";
				INFOPLIST_KEY_NSPhotoLibraryAddUsageDescription = "MixaFrame saves your finished collages to your photo library.";
				INFOPLIST_KEY_NSPhotoLibraryUsageDescription = "MixaFrame lets you select photos for your collages.";
				INFOPLIST_KEY_UIApplicationSceneManifest_Generation = YES;
				INFOPLIST_KEY_UIApplicationSupportsIndirectInputEvents = YES;
				INFOPLIST_KEY_UILaunchScreen_Generation = YES;
				IPHONEOS_DEPLOYMENT_TARGET = 17.6;
				MARKETING_VERSION = 1.0.1;
				PRODUCT_BUNDLE_IDENTIFIER = com.infiz.MixaFrame;
				PRODUCT_NAME = "$(TARGET_NAME)";
				SUPPORTED_PLATFORMS = "iphoneos iphonesimulator";
				SUPPORTS_MACCATALYST = NO;
				SWIFT_EMIT_LOC_STRINGS = YES;
				SWIFT_VERSION = 5.0;
				TARGETED_DEVICE_FAMILY = 1;
			};
			name = Release;
		};
		B10000000000000000000005 /* Debug */ = {
			isa = XCBuildConfiguration;
			buildSettings = {
				BUNDLE_LOADER = "$(TEST_HOST)";
				CODE_SIGN_STYLE = Automatic;
				GENERATE_INFOPLIST_FILE = YES;
				IPHONEOS_DEPLOYMENT_TARGET = 17.6;
				PRODUCT_BUNDLE_IDENTIFIER = com.jimmyhu.MixaFrameTests;
				PRODUCT_NAME = "$(TARGET_NAME)";
				SUPPORTED_PLATFORMS = "iphoneos iphonesimulator";
				SWIFT_VERSION = 5.0;
				TARGETED_DEVICE_FAMILY = 1;
				TEST_HOST = "$(BUILT_PRODUCTS_DIR)/MixaFrame.app/$(BUNDLE_EXECUTABLE_FOLDER_PATH)/MixaFrame";
			};
			name = Debug;
		};
		B10000000000000000000006 /* Release */ = {
			isa = XCBuildConfiguration;
			buildSettings = {
				BUNDLE_LOADER = "$(TEST_HOST)";
				CODE_SIGN_STYLE = Automatic;
				GENERATE_INFOPLIST_FILE = YES;
				IPHONEOS_DEPLOYMENT_TARGET = 17.6;
				PRODUCT_BUNDLE_IDENTIFIER = com.jimmyhu.MixaFrameTests;
				PRODUCT_NAME = "$(TARGET_NAME)";
				SUPPORTED_PLATFORMS = "iphoneos iphonesimulator";
				SWIFT_VERSION = 5.0;
				TARGETED_DEVICE_FAMILY = 1;
				TEST_HOST = "$(BUILT_PRODUCTS_DIR)/MixaFrame.app/$(BUNDLE_EXECUTABLE_FOLDER_PATH)/MixaFrame";
			};
			name = Release;
		};
/* End XCBuildConfiguration section */

/* Begin XCConfigurationList section */
		A80000000000000000000001 /* Build configuration list for PBXProject "MixaFrame" */ = {
			isa = XCConfigurationList;
			buildConfigurations = (
				B10000000000000000000001 /* Debug */,
				B10000000000000000000002 /* Release */,
			);
			defaultConfigurationIsVisible = 0;
			defaultConfigurationName = Release;
		};
		A80000000000000000000002 /* Build configuration list for PBXNativeTarget "MixaFrame" */ = {
			isa = XCConfigurationList;
			buildConfigurations = (
				B10000000000000000000003 /* Debug */,
				B10000000000000000000004 /* Release */,
			);
			defaultConfigurationIsVisible = 0;
			defaultConfigurationName = Release;
		};
		A80000000000000000000003 /* Build configuration list for PBXNativeTarget "MixaFrameTests" */ = {
			isa = XCConfigurationList;
			buildConfigurations = (
				B10000000000000000000005 /* Debug */,
				B10000000000000000000006 /* Release */,
			);
			defaultConfigurationIsVisible = 0;
			defaultConfigurationName = Release;
		};
/* End XCConfigurationList section */

/* Begin XCRemoteSwiftPackageReference section */
		C10000000000000000000001 /* XCRemoteSwiftPackageReference "SDWebImageWebPCoder" */ = {
			isa = XCRemoteSwiftPackageReference;
			repositoryURL = "https://github.com/SDWebImage/SDWebImageWebPCoder.git";
			requirement = {
				kind = upToNextMajorVersion;
				minimumVersion = 0.15.0;
			};
		};
/* End XCRemoteSwiftPackageReference section */

/* Begin XCSwiftPackageProductDependency section */
		C10000000000000000000002 /* SDWebImageWebPCoder */ = {
			isa = XCSwiftPackageProductDependency;
			package = C10000000000000000000001 /* XCRemoteSwiftPackageReference "SDWebImageWebPCoder" */;
			productName = SDWebImageWebPCoder;
		};
/* End XCSwiftPackageProductDependency section */
	};
	rootObject = A90000000000000000000001 /* Project object */;
}
